<?xml version="1.0" encoding="utf-8"?>
<Project ToolsVersion="4.0" xmlns="http://schemas.microsoft.com/developer/msbuild/2003">
  <ItemGroup>
    <Filter Include="Source Files">
      <UniqueIdentifier>{4FC737F1-C7A5-4376-A066-2A32D752A2FF}</UniqueIdentifier>
      <Extensions>cpp;c;cc;cxx;def;odl;idl;hpj;bat;asm;asmx</Extensions>
    </Filter>
    <Filter Include="Header Files">
      <UniqueIdentifier>{93995380-89BD-4b04-88EB-625FBE52EBFB}</UniqueIdentifier>
      <Extensions>h;hh;hpp;hxx;hm;inl;inc;xsd</Extensions>
    </Filter>
    <Filter Include="Resource Files">
      <UniqueIdentifier>{67DA6AB6-F800-4c08-8B7A-83BB121AAD01}</UniqueIdentifier>
      <Extensions>rc;ico;cur;bmp;dlg;rc2;rct;bin;rgs;gif;jpg;jpeg;jpe;resx;tiff;tif;png;wav;mfcribbon-ms</Extensions>
    </Filter>
  </ItemGroup>
  <ItemGroup>
    <Text Include="ReadMe.txt" />
  </ItemGroup>
  <ItemGroup>
    <ClInclude Include="stdafx.h">
      <Filter>Header Files</Filter>
    </ClInclude>
    <ClInclude Include="targetver.h">
      <Filter>Header Files</Filter>
    </ClInclude>
    <ClInclude Include="Resource.h">
      <Filter>Header Files</Filter>
    </ClInclude>
    <ClInclude Include="src\px\common\coordinate.hpp">
      <Filter>Header Files</Filter>
    </ClInclude>
    <ClInclude Include="src\px\common\matrix.hpp">
      <Filter>Header Files</Filter>
    </ClInclude>
    <ClInclude Include="src\px\common\point.hpp">
      <Filter>Header Files</Filter>
    </ClInclude>
    <ClInclude Include="src\px\common\vector.hpp">
      <Filter>Header Files</Filter>
    </ClInclude>
    <ClInclude Include="src\px\common\color.hpp">
      <Filter>Header Files</Filter>
    </ClInclude>
    <ClInclude Include="src\px\common\string.hpp">
      <Filter>Header Files</Filter>
    </ClInclude>
    <ClInclude Include="src\px\common\timer.hpp">
      <Filter>Header Files</Filter>
    </ClInclude>
    <ClInclude Include="src\px\common\rectangle.hpp">
      <Filter>Header Files</Filter>
    </ClInclude>
    <ClInclude Include="src\px\fn\cell_automata.hpp">
      <Filter>Header Files</Filter>
    </ClInclude>
    <ClInclude Include="src\px\common\qtree.hpp">
      <Filter>Header Files</Filter>
    </ClInclude>
    <ClInclude Include="src\px\shell\font_texture.h">
      <Filter>Header Files</Filter>
    </ClInclude>
    <ClInclude Include="src\px\shell\glsl.h">
      <Filter>Header Files</Filter>
    </ClInclude>
    <ClInclude Include="src\px\shell\opengl.h">
      <Filter>Header Files</Filter>
    </ClInclude>
    <ClInclude Include="src\px\shell\program.h">
      <Filter>Header Files</Filter>
    </ClInclude>
    <ClInclude Include="src\px\shell\texture.h">
      <Filter>Header Files</Filter>
    </ClInclude>
    <ClInclude Include="src\px\shell\vao.h">
      <Filter>Header Files</Filter>
    </ClInclude>
    <ClInclude Include="src\px\shell\renderer.hpp">
      <Filter>Header Files</Filter>
    </ClInclude>
    <ClInclude Include="src\px\shell\canvas.hpp">
      <Filter>Header Files</Filter>
    </ClInclude>
    <ClInclude Include="src\px\shell\symbol.hpp">
      <Filter>Header Files</Filter>
    </ClInclude>
    <ClInclude Include="src\px\es\i_system.hpp">
      <Filter>Header Files</Filter>
    </ClInclude>
    <ClInclude Include="src\px\es\i_component.hpp">
      <Filter>Header Files</Filter>
    </ClInclude>
    <ClInclude Include="src\px\rl\bar.hpp">
      <Filter>Header Files</Filter>
    </ClInclude>
    <ClInclude Include="src\px\rl\traverse.hpp">
      <Filter>Header Files</Filter>
    </ClInclude>
    <ClInclude Include="src\px\rl\mass.hpp">
      <Filter>Header Files</Filter>
    </ClInclude>
    <ClInclude Include="src\px\rl\tile.hpp">
      <Filter>Header Files</Filter>
    </ClInclude>
    <ClInclude Include="src\px\es\manager.hpp">
      <Filter>Header Files</Filter>
    </ClInclude>
    <ClInclude Include="src\px\core\location.hpp">
      <Filter>Header Files</Filter>
    </ClInclude>
    <ClInclude Include="src\px\es\component_link.hpp">
      <Filter>Header Files</Filter>
    </ClInclude>
    <ClInclude Include="src\px\core\i_game_control.hpp">
      <Filter>Header Files</Filter>
    </ClInclude>
    <ClInclude Include="src\px\shell\key.hpp">
      <Filter>Header Files</Filter>
    </ClInclude>
    <ClInclude Include="src\px\shell\control.hpp">
      <Filter>Header Files</Filter>
    </ClInclude>
    <ClInclude Include="src\px\core\input_adapter.hpp">
      <Filter>Header Files</Filter>
    </ClInclude>
    <ClInclude Include="src\px\shell\bindings.hpp">
      <Filter>Header Files</Filter>
    </ClInclude>
    <ClInclude Include="src\px\es\i_engine.hpp">
      <Filter>Header Files</Filter>
    </ClInclude>
    <ClInclude Include="src\px\core\engine.hpp">
      <Filter>Header Files</Filter>
    </ClInclude>
    <ClInclude Include="src\px\shell\control_dispatcher.hpp">
      <Filter>Header Files</Filter>
    </ClInclude>
    <ClInclude Include="src\px\core\environment.hpp">
      <Filter>Header Files</Filter>
    </ClInclude>
    <ClInclude Include="src\px\core\game.hpp">
      <Filter>Header Files</Filter>
    </ClInclude>
    <ClInclude Include="src\px\common\toggle.hpp">
      <Filter>Header Files</Filter>
    </ClInclude>
    <ClInclude Include="src\px\es\component_collection.hpp">
      <Filter>Header Files</Filter>
    </ClInclude>
    <ClInclude Include="src\px\core\unit.hpp">
      <Filter>Header Files</Filter>
    </ClInclude>
    <ClInclude Include="src\px\shell\control_chain.hpp">
      <Filter>Header Files</Filter>
    </ClInclude>
    <ClInclude Include="src\px\ui\panel.hpp">
      <Filter>Header Files</Filter>
    </ClInclude>
    <ClInclude Include="src\px\ui\alignment.hpp">
      <Filter>Header Files</Filter>
    </ClInclude>
    <ClInclude Include="src\px\ui\stack_panel.hpp">
      <Filter>Header Files</Filter>
    </ClInclude>
    <ClInclude Include="src\px\shell\win\wingl.hpp">
      <Filter>Header Files</Filter>
    </ClInclude>
    <ClInclude Include="src\px\shell\win\winkey.hpp">
      <Filter>Header Files</Filter>
    </ClInclude>
    <ClInclude Include="src\px\fn\perlin.hpp">
      <Filter>Header Files</Filter>
    </ClInclude>
    <ClInclude Include="src\px\core\persistency.hpp">
      <Filter>Header Files</Filter>
    </ClInclude>
    <ClInclude Include="src\px\core\terrain.hpp">
      <Filter>Header Files</Filter>
    </ClInclude>
    <ClInclude Include="src\px\rl\map_stream.hpp">
      <Filter>Header Files</Filter>
    </ClInclude>
    <ClInclude Include="src\px\rl\enhancement.hpp">
      <Filter>Header Files</Filter>
    </ClInclude>
    <ClInclude Include="src\px\rl\body.hpp">
      <Filter>Header Files</Filter>
    </ClInclude>
    <ClInclude Include="src\px\rl\character.hpp">
      <Filter>Header Files</Filter>
    </ClInclude>
    <ClInclude Include="src\px\core\image.hpp">
      <Filter>Header Files</Filter>
    </ClInclude>
    <ClInclude Include="src\px\shell\font.hpp">
      <Filter>Header Files</Filter>
    </ClInclude>
    <ClInclude Include="src\px\ui\performance_panel.hpp">
      <Filter>Header Files</Filter>
    </ClInclude>
    <ClInclude Include="src\px\rl\effect.hpp">
      <Filter>Header Files</Filter>
    </ClInclude>
    <ClInclude Include="src\px\rl\item.hpp">
      <Filter>Header Files</Filter>
    </ClInclude>
    <ClInclude Include="src\px\rl\inventory.hpp">
      <Filter>Header Files</Filter>
    </ClInclude>
    <ClInclude Include="src\px\common\fps_counter.hpp">
      <Filter>Header Files</Filter>
    </ClInclude>
    <ClInclude Include="src\px\rl\enhancement_collection.hpp">
      <Filter>Header Files</Filter>
    </ClInclude>
    <ClInclude Include="src\px\rl\entity.hpp">
      <Filter>Header Files</Filter>
    </ClInclude>
    <ClInclude Include="src\px\core\sys\behavior_system.hpp">
      <Filter>Header Files</Filter>
    </ClInclude>
    <ClInclude Include="src\px\core\sys\body_component.hpp">
      <Filter>Header Files</Filter>
    </ClInclude>
    <ClInclude Include="src\px\core\sys\body_system.hpp">
      <Filter>Header Files</Filter>
    </ClInclude>
    <ClInclude Include="src\px\core\sys\character_component.hpp">
      <Filter>Header Files</Filter>
    </ClInclude>
    <ClInclude Include="src\px\core\sys\character_system.hpp">
      <Filter>Header Files</Filter>
    </ClInclude>
    <ClInclude Include="src\px\core\sys\image_component.hpp">
      <Filter>Header Files</Filter>
    </ClInclude>
    <ClInclude Include="src\px\core\sys\location_component.hpp">
      <Filter>Header Files</Filter>
    </ClInclude>
    <ClInclude Include="src\px\core\sys\location_system.hpp">
      <Filter>Header Files</Filter>
    </ClInclude>
    <ClInclude Include="src\px\core\sys\npc_component.hpp">
      <Filter>Header Files</Filter>
    </ClInclude>
    <ClInclude Include="src\px\core\sys\terrain_system.hpp">
      <Filter>Header Files</Filter>
    </ClInclude>
    <ClInclude Include="src\px\rl\astar.hpp">
      <Filter>Header Files</Filter>
    </ClInclude>
    <ClInclude Include="src\px\rl\faction_relation.hpp">
      <Filter>Header Files</Filter>
    </ClInclude>
    <ClInclude Include="src\px\rl\i_ability.hpp">
      <Filter>Header Files</Filter>
    </ClInclude>
    <ClInclude Include="src\px\rl\skill_base.hpp">
      <Filter>Header Files</Filter>
    </ClInclude>
    <ClInclude Include="src\px\rl\skill.hpp">
      <Filter>Header Files</Filter>
    </ClInclude>
    <ClInclude Include="src\px\rl\skill_book.hpp">
      <Filter>Header Files</Filter>
    </ClInclude>
    <ClInclude Include="src\px\rl\skill_set.hpp">
      <Filter>Header Files</Filter>
    </ClInclude>
    <ClInclude Include="src\px\core\sys\resource_component.hpp">
      <Filter>Header Files</Filter>
    </ClInclude>
    <ClInclude Include="src\px\core\sys\i_useable_component.hpp">
      <Filter>Header Files</Filter>
    </ClInclude>
    <ClInclude Include="src\px\ui\board_panel.hpp">
      <Filter>Header Files</Filter>
    </ClInclude>
    <ClInclude Include="src\px\ui\static_text_panel.hpp">
      <Filter>Header Files</Filter>
    </ClInclude>
    <ClInclude Include="src\px\ui\text_panel.hpp">
      <Filter>Header Files</Filter>
    </ClInclude>
    <ClInclude Include="src\px\core\sys\container_component.hpp">
      <Filter>Header Files</Filter>
    </ClInclude>
    <ClInclude Include="src\px\core\sys\ui_system.hpp">
      <Filter>Header Files</Filter>
    </ClInclude>
    <ClInclude Include="src\px\core\ui\status_panel.hpp">
      <Filter>Header Files</Filter>
    </ClInclude>
    <ClInclude Include="src\px\core\ui\target_panel.hpp">
      <Filter>Header Files</Filter>
    </ClInclude>
    <ClInclude Include="src\px\core\ui\anvil_panel.hpp">
      <Filter>Header Files</Filter>
    </ClInclude>
    <ClInclude Include="src\px\core\ui\inventory_panel.hpp">
      <Filter>Header Files</Filter>
    </ClInclude>
    <ClInclude Include="src\px\core\ui\main_panel.hpp">
      <Filter>Header Files</Filter>
    </ClInclude>
    <ClInclude Include="src\px\ui\list_panel.hpp">
      <Filter>Header Files</Filter>
    </ClInclude>
    <ClInclude Include="src\px\core\ui\item_operation.hpp">
      <Filter>Header Files</Filter>
    </ClInclude>
    <ClInclude Include="src\px\core\ui\container_panel.hpp">
      <Filter>Header Files</Filter>
    </ClInclude>
    <ClInclude Include="src\px\ui\button_panel.hpp">
      <Filter>Header Files</Filter>
    </ClInclude>
    <ClInclude Include="src\px\core\sys\loot_component.hpp">
      <Filter>Header Files</Filter>
    </ClInclude>
    <ClInclude Include="src\px\core\data\factory.hpp">
      <Filter>Header Files</Filter>
    </ClInclude>
    <ClInclude Include="src\px\core\data\unit_composer.hpp">
      <Filter>Header Files</Filter>
    </ClInclude>
    <ClInclude Include="src\px\common\assert.hpp">
      <Filter>Header Files</Filter>
    </ClInclude>
    <ClInclude Include="src\px\core\ui\map_panel.hpp">
      <Filter>Header Files</Filter>
    </ClInclude>
    <ClInclude Include="src\px\core\settings.hpp">
      <Filter>Header Files</Filter>
    </ClInclude>
    <ClInclude Include="src\px\core\terrain_director.hpp">
      <Filter>Header Files</Filter>
    </ClInclude>
    <ClInclude Include="src\px\core\gen\river.hpp">
      <Filter>Header Files</Filter>
    </ClInclude>
    <ClInclude Include="src\px\core\gen\river_net.hpp">
      <Filter>Header Files</Filter>
    </ClInclude>
    <ClInclude Include="src\px\core\gen\world.hpp">
      <Filter>Header Files</Filter>
    </ClInclude>
    <ClInclude Include="src\px\core\gen\world_cell.hpp">
      <Filter>Header Files</Filter>
    </ClInclude>
    <ClInclude Include="src\px\fn\bsp.hpp">
      <Filter>Header Files</Filter>
    </ClInclude>
    <ClInclude Include="src\px\core\gen\landmark.hpp">
      <Filter>Header Files</Filter>
    </ClInclude>
    <ClInclude Include="src\px\core\gen\city.hpp">
      <Filter>Header Files</Filter>
    </ClInclude>
    <ClInclude Include="src\px\core\unit_record.hpp">
      <Filter>Header Files</Filter>
    </ClInclude>
    <ClInclude Include="src\px\core\gen\mapper.hpp">
      <Filter>Header Files</Filter>
    </ClInclude>
    <ClInclude Include="src\px\core\gen\builder.hpp">
      <Filter>Header Files</Filter>
    </ClInclude>
    <ClInclude Include="src\px\core\gen\build_result.hpp">
      <Filter>Header Files</Filter>
    </ClInclude>
    <ClInclude Include="src\px\core\gen\poi\farm_builder.hpp">
      <Filter>Header Files</Filter>
    </ClInclude>
    <ClInclude Include="src\px\core\gen\poi\farm_mapper.hpp">
      <Filter>Header Files</Filter>
    </ClInclude>
    <ClInclude Include="src\px\core\ui\main_menu_panel.hpp">
      <Filter>Header Files</Filter>
    </ClInclude>
  </ItemGroup>
  <ItemGroup>
    <ClCompile Include="stdafx.cpp">
      <Filter>Source Files</Filter>
    </ClCompile>
    <ClCompile Include="src\press-x-lat.cpp">
      <Filter>Source Files</Filter>
    </ClCompile>
    <ClCompile Include="src\px\shell\font.cpp">
      <Filter>Source Files</Filter>
    </ClCompile>
    <ClCompile Include="src\px\shell\font_texture.cpp">
      <Filter>Source Files</Filter>
    </ClCompile>
    <ClCompile Include="src\px\shell\opengl.cpp">
      <Filter>Source Files</Filter>
    </ClCompile>
    <ClCompile Include="src\px\shell\canvas.cpp">
      <Filter>Source Files</Filter>
    </ClCompile>
    <ClCompile Include="src\px\shell\renderer.cpp">
      <Filter>Source Files</Filter>
    </ClCompile>
    <ClCompile Include="src\px\shell\win\wingl.cpp">
      <Filter>Source Files</Filter>
    </ClCompile>
    <ClCompile Include="src\px\ui\stack_panel.cpp">
      <Filter>Source Files</Filter>
    </ClCompile>
    <ClCompile Include="src\px\core\sys\npc_component.cpp">
      <Filter>Source Files</Filter>
    </ClCompile>
    <ClCompile Include="src\px\core\ui\status_panel.cpp">
      <Filter>Source Files</Filter>
    </ClCompile>
    <ClCompile Include="src\px\core\ui\target_panel.cpp">
      <Filter>Source Files</Filter>
    </ClCompile>
    <ClCompile Include="src\px\core\sys\character_system.cpp">
      <Filter>Source Files</Filter>
    </ClCompile>
    <ClCompile Include="src\px\core\sys\container_component.cpp">
      <Filter>Source Files</Filter>
    </ClCompile>
    <ClCompile Include="src\px\core\data\unit_composer.cpp">
      <Filter>Source Files</Filter>
    </ClCompile>
    <ClCompile Include="src\px\core\environment-ui.cpp">
      <Filter>Source Files</Filter>
    </ClCompile>
    <ClCompile Include="src\px\core\environment-flow.cpp">
      <Filter>Source Files</Filter>
    </ClCompile>
    <ClCompile Include="src\px\core\environment-act.cpp">
      <Filter>Source Files</Filter>
    </ClCompile>
    <ClCompile Include="src\px\core\environment.cpp">
      <Filter>Source Files</Filter>
    </ClCompile>
    <ClCompile Include="src\px\core\terrain.cpp">
      <Filter>Source Files</Filter>
    </ClCompile>
    <ClCompile Include="src\px\core\terrain_director.cpp">
      <Filter>Source Files</Filter>
    </ClCompile>
    <ClCompile Include="src\px\core\gen\world.cpp">
      <Filter>Source Files</Filter>
    </ClCompile>
    <ClCompile Include="src\px\core\gen\landmark.cpp">
      <Filter>Source Files</Filter>
    </ClCompile>
    <ClCompile Include="src\px\core\gen\poi\farm_builder.cpp">
      <Filter>Source Files</Filter>
    </ClCompile>
    <ClCompile Include="src\px\core\ui\main_menu_panel.cpp">
      <Filter>Source Files</Filter>
    </ClCompile>
  </ItemGroup>
  <ItemGroup>
    <ResourceCompile Include="press-x-lat.rc">
      <Filter>Resource Files</Filter>
    </ResourceCompile>
  </ItemGroup>
  <ItemGroup>
    <Image Include="small.ico">
      <Filter>Resource Files</Filter>
    </Image>
    <Image Include="press-x-lat.ico">
      <Filter>Resource Files</Filter>
    </Image>
  </ItemGroup>
  <ItemGroup>
    <None Include="config\shared\console_text.frag" />
    <None Include="config\shared\console_text.vert" />
    <None Include="doc\ores.json" />
    <None Include="config\shared\console_bg.vert" />
    <None Include="config\shared\console_bg.frag" />
    <None Include="src\px\core\sys\rendering_system.hpp" />
  </ItemGroup>
  <ItemGroup>
    <Font Include="I:\projects\PressX\font\DejaVuSansMono.ttf" />
  </ItemGroup>
</Project>